
Microsoft Visual Studio Solution File, Format Version 12.00
# Visual Studio Version 16
VisualStudioVersion = 16.0.30717.126
MinimumVisualStudioVersion = 10.0.40219.1
Project("{FAE04EC0-301F-11D3-BF4B-00C04F79EFBC}") = "AdventOfCode2020", "AdventOfCode2020\AdventOfCode2020.csproj", "{9EA01E31-829A-49C0-9088-DE0EF017362C}"
EndProject
Global
	GlobalSection(SolutionConfigurationPlatforms) = preSolution
		Debug|Any CPU = Debug|Any CPU
		Release|Any CPU = Release|Any CPU
	EndGlobalSection
	GlobalSection(ProjectConfigurationPlatforms) = postSolution
		{9EA01E31-829A-49C0-9088-DE0EF017362C}.Debug|Any CPU.ActiveCfg = Debug|Any CPU
		{9EA01E31-829A-49C0-9088-DE0EF017362C}.Debug|Any CPU.Build.0 = Debug|Any CPU
		{9EA01E31-829A-49C0-9088-DE0EF017362C}.Release|Any CPU.ActiveCfg = Release|Any CPU
		{9EA01E31-829A-49C0-9088-DE0EF017362C}.Release|Any CPU.Build.0 = Release|Any CPU
	EndGlobalSection
	GlobalSection(SolutionProperties) = preSolution
		HideSolutionNode = FALSE
	EndGlobalSection
	GlobalSection(ExtensibilityGlobals) = postSolution
		SolutionGuid = {C9B09F57-E759-4034-97DE-C9451C3975DD}
	EndGlobalSection
EndGlobal
